# THIS IS AN AUTOGENERATED FILE. DO NOT EDIT THIS FILE DIRECTLY.
# yarn lockfile v1


"@babel/runtime@^7.16.3":
  version "7.18.6"
  resolved "https://registry.yarnpkg.com/@babel/runtime/-/runtime-7.18.6.tgz#6a1ef59f838debd670421f8c7f2cbb8da9751580"
  integrity sha512-t9wi7/AW6XtKahAe20Yw0/mMljKq0B1r2fPdvaAdV/KPDZewFXdaaa6K7lxmZBZ8FBNpCiAT6iHPmd6QO9bKfQ==
  dependencies:
    regenerator-runtime "^0.13.4"

"@next/env@12.1.7-canary.51":
  version "12.1.7-canary.51"
  resolved "https://registry.yarnpkg.com/@next/env/-/env-12.1.7-canary.51.tgz#de5513aac5a57e080586a19dff8d954e8adb9f3f"
  integrity sha512-QhHmbBcLEvtKWJyaUnwEajww9OamQuGIZ93FJ0CSlcX4gbYQ3qUbFF0yU2GCnFR3WCm/2Qv2TvL4xaN2sZWLYQ==

"@next/swc-android-arm-eabi@12.1.7-canary.51":
  version "12.1.7-canary.51"
  resolved "https://registry.yarnpkg.com/@next/swc-android-arm-eabi/-/swc-android-arm-eabi-12.1.7-canary.51.tgz#d39a8e55a930f8df73c1db1078d8e0b13993db1f"
  integrity sha512-IApp+rBjsW7s9fzaRY5UUhzfD74PZjsBj0tYKaoVOy7/XJjo7+fMu0LkMclSPqzJu6lxzGasq2vY8p1HWgE4Xw==

"@next/swc-android-arm64@12.1.7-canary.51":
  version "12.1.7-canary.51"
  resolved "https://registry.yarnpkg.com/@next/swc-android-arm64/-/swc-android-arm64-12.1.7-canary.51.tgz#a926331c18137ee451c09084f932c609b8685485"
  integrity sha512-ORMKHRyg8MJ/sE+iJuZQ6+ECdwB6XvA24H78HwOor3WxF5ilTn/uo/ldLbnx1s9iIUB/VYSBt2a+5prO+iayVg==

"@next/swc-darwin-arm64@12.1.7-canary.51":
  version "12.1.7-canary.51"
  resolved "https://registry.yarnpkg.com/@next/swc-darwin-arm64/-/swc-darwin-arm64-12.1.7-canary.51.tgz#7cc781d18c929f6c9e3ffdc84c5eb9a0865d9282"
  integrity sha512-fuL6PTVRHh/A4+74WwOfSATr4FdIh34a/4rAtYOv4nU8dLqhUgBS/n2nsjjEa4MAtPJQQKRhctYUAVIH3TJPhA==

"@next/swc-darwin-x64@12.1.7-canary.51":
  version "12.1.7-canary.51"
  resolved "https://registry.yarnpkg.com/@next/swc-darwin-x64/-/swc-darwin-x64-12.1.7-canary.51.tgz#abfa588662be2eb8da37e64e9b0317a1c3db1394"
  integrity sha512-ahEmzMqrzuqPD0FvR0dYTJ6fAVxsypvJjPX+uszjOGzoDBWFTNzyh6f4QP2G0Irm0x91awiIr4XgS3a72YrfvQ==

"@next/swc-freebsd-x64@12.1.7-canary.51":
  version "12.1.7-canary.51"
  resolved "https://registry.yarnpkg.com/@next/swc-freebsd-x64/-/swc-freebsd-x64-12.1.7-canary.51.tgz#eca7d97f6bdbfeafff03e3f840f6f3ac70e29f11"
  integrity sha512-WLc0AqLP3SI5ky0LKmFHR+NEBUYWOs0zTwqRcjJfB2LaZXewFql1Z4KbiNZsQvmJI/8J8jr9VeOIUJr1CjvWaA==

"@next/swc-linux-arm-gnueabihf@12.1.7-canary.51":
  version "12.1.7-canary.51"
  resolved "https://registry.yarnpkg.com/@next/swc-linux-arm-gnueabihf/-/swc-linux-arm-gnueabihf-12.1.7-canary.51.tgz#bb4ce6ab06fb3d9da1de14bc10b8f96e20089a07"
  integrity sha512-g5mWpouNJ6Eu6F6J4ngqKMdtttnw9dQblniR+ONfw7jn6Qqy4cTXXG8QZzrgYK/CgG7/yOK5B1s8SoF4gVQSPw==

"@next/swc-linux-arm64-gnu@12.1.7-canary.51":
  version "12.1.7-canary.51"
  resolved "https://registry.yarnpkg.com/@next/swc-linux-arm64-gnu/-/swc-linux-arm64-gnu-12.1.7-canary.51.tgz#334e718f0cf9342c607b979e85a2b4c6d251ca5f"
  integrity sha512-CIoNrl9NYeqQm/vrCiz/GF9w/ffPBFSgNtJLi3kHwfPLjhG3G0ICL3s5JECpu+vzqNEgU3DDGc26yGLRIOA3wg==

"@next/swc-linux-arm64-musl@12.1.7-canary.51":
  version "12.1.7-canary.51"
  resolved "https://registry.yarnpkg.com/@next/swc-linux-arm64-musl/-/swc-linux-arm64-musl-12.1.7-canary.51.tgz#12000daa098e00f305d08be1a5e7a8117751ec97"
  integrity sha512-VYXg2HuxcDgA6J91p+q20/MdLvsHZabMCBc4VnmXej7wmfDS9p4eYo/SlJ+qG6GZjBa2GptTyLCzTcZTJg43pw==

"@next/swc-linux-x64-gnu@12.1.7-canary.51":
  version "12.1.7-canary.51"
  resolved "https://registry.yarnpkg.com/@next/swc-linux-x64-gnu/-/swc-linux-x64-gnu-12.1.7-canary.51.tgz#c6b06632f4ea10e3cf4f280f9bbd54d3dd932d45"
  integrity sha512-gYR103yJkm4e8L00rMTnG0uj102D3jO2M4aFKBpRp+gP01x60Jy8x/PG26RtacxweqL1rxqJgKQvIISvfzGk8w==

"@next/swc-linux-x64-musl@12.1.7-canary.51":
  version "12.1.7-canary.51"
  resolved "https://registry.yarnpkg.com/@next/swc-linux-x64-musl/-/swc-linux-x64-musl-12.1.7-canary.51.tgz#3a2dd19c3de04a9580c280659cd13454220e6d98"
  integrity sha512-T01WuCyt2HruU5FNRK6sWdBli2O9vTYxmiY7uysEpuYa6pX2RobQMn7lOAGA9Z7XmzTaiEL+JI8UNUqlHPMTcg==

"@next/swc-win32-arm64-msvc@12.1.7-canary.51":
  version "12.1.7-canary.51"
  resolved "https://registry.yarnpkg.com/@next/swc-win32-arm64-msvc/-/swc-win32-arm64-msvc-12.1.7-canary.51.tgz#06a17f395ceb65821fcbbca13808e416d9f31fb1"
  integrity sha512-ot950beoz6ocS0BdIud/zzukkAy0zNSV9BOX8ky+BiPFf5nQTdXf/2CenPq54JuluOqfj2ZF3oHOyQ1cZZjkUA==

"@next/swc-win32-ia32-msvc@12.1.7-canary.51":
  version "12.1.7-canary.51"
  resolved "https://registry.yarnpkg.com/@next/swc-win32-ia32-msvc/-/swc-win32-ia32-msvc-12.1.7-canary.51.tgz#a564873e1e50ce357250e2891be111e82b8c00a6"
  integrity sha512-VX2LmfgQodLsG7ZQJ4tPMVkWohCopYza78isrtzj1oDkavKtt4vqyQfvf9urYdehmG11VskTZka1YXj0bfegEg==

"@next/swc-win32-x64-msvc@12.1.7-canary.51":
  version "12.1.7-canary.51"
  resolved "https://registry.yarnpkg.com/@next/swc-win32-x64-msvc/-/swc-win32-x64-msvc-12.1.7-canary.51.tgz#7fdf14e5f54464e7f046797e8831d25adfe8bc55"
  integrity sha512-ocIdxrd+aGRxTcSv7oDrwTgN0JWS64gapqxfThY6U/WKRIuwFNIBprQXxChdzxl/ALzG3GEyLRak6dE88LhH5Q==

"@panva/hkdf@^1.0.1":
  version "1.0.2"
  resolved "https://registry.yarnpkg.com/@panva/hkdf/-/hkdf-1.0.2.tgz#bab0f09d09de9fd83628220d496627681bc440d6"
  integrity sha512-MSAs9t3Go7GUkMhpKC44T58DJ5KGk2vBo+h1cqQeqlMfdGkxaVB78ZWpv9gYi/g2fa4sopag9gJsNvS8XGgWJA==

"@swc/helpers@0.4.2":
  version "0.4.2"
  resolved "https://registry.yarnpkg.com/@swc/helpers/-/helpers-0.4.2.tgz#ed1f6997ffbc22396665d9ba74e2a5c0a2d782f8"
  integrity sha512-556Az0VX7WR6UdoTn4htt/l3zPQ7bsQWK+HqdG4swV7beUCxo/BqmvbOpUkTIm/9ih86LIf1qsUnywNL3obGHw==
  dependencies:
    tslib "^2.4.0"

"@types/node@^17":
  version "17.0.45"
  resolved "https://registry.yarnpkg.com/@types/node/-/node-17.0.45.tgz#2c0fafd78705e7a18b7906b5201a522719dc5190"
  integrity sha512-w+tIMs3rq2afQdsPJlODhoUEKzFP1ayaoyl1CcnwtIlsVe7K7bA1NGm4s3PraqTLlXnbIN84zuBlxBWo1u9BLw==

"@types/prop-types@*":
  version "15.7.5"
  resolved "https://registry.yarnpkg.com/@types/prop-types/-/prop-types-15.7.5.tgz#5f19d2b85a98e9558036f6a3cacc8819420f05cf"
  integrity sha512-JCB8C6SnDoQf0cNycqd/35A7MjcnK+ZTqE7judS6o7utxUCg6imJg3QK2qzHKszlTjcj2cn+NwMB2i96ubpj7w==

"@types/react@^18":
  version "18.0.15"
  resolved "https://registry.yarnpkg.com/@types/react/-/react-18.0.15.tgz#d355644c26832dc27f3e6cbf0c4f4603fc4ab7fe"
  integrity sha512-iz3BtLuIYH1uWdsv6wXYdhozhqj20oD4/Hk2DNXIn1kFsmp9x8d9QB6FnPhfkbhd2PgEONt9Q1x/ebkwjfFLow==
  dependencies:
    "@types/prop-types" "*"
    "@types/scheduler" "*"
    csstype "^3.0.2"

"@types/scheduler@*":
  version "0.16.2"
  resolved "https://registry.yarnpkg.com/@types/scheduler/-/scheduler-0.16.2.tgz#1a62f89525723dde24ba1b01b092bf5df8ad4d39"
  integrity sha512-hppQEBDmlwhFAXKJX2KnWLYu5yMfi91yazPb2l+lbJiwW+wdo1gNeRA+3RgNSO39WYX2euey41KEwnqesU2Jew==

caniuse-lite@^1.0.30001332:
  version "1.0.30001363"
  resolved "https://registry.yarnpkg.com/caniuse-lite/-/caniuse-lite-1.0.30001363.tgz#26bec2d606924ba318235944e1193304ea7c4f15"
  integrity sha512-HpQhpzTGGPVMnCjIomjt+jvyUu8vNFo3TaDiZ/RcoTrlOq/5+tC8zHdsbgFB6MxmaY+jCpsH09aD80Bb4Ow3Sg==

cookie@^0.4.1:
  version "0.4.2"
  resolved "https://registry.yarnpkg.com/cookie/-/cookie-0.4.2.tgz#0e41f24de5ecf317947c82fc789e06a884824432"
  integrity sha512-aSWTXFzaKWkvHO1Ny/s+ePFpvKsPnjc551iI41v3ny/ow6tBG5Vd+FuqGNhh1LxOmVzOlGUriIlOaokOvhaStA==

csstype@^3.0.2:
  version "3.1.0"
  resolved "https://registry.yarnpkg.com/csstype/-/csstype-3.1.0.tgz#4ddcac3718d787cf9df0d1b7d15033925c8f29f2"
  integrity sha512-uX1KG+x9h5hIJsaKR9xHUeUraxf8IODOwq9JLNPq6BwB04a/xgpq3rcx47l5BZu5zBPlgD342tdke3Hom/nJRA==

jose@^4.1.4, jose@^4.3.7:
  version "4.8.3"
  resolved "https://registry.yarnpkg.com/jose/-/jose-4.8.3.tgz#5a754fb4aa5f2806608d083f438e6916b11087da"
  integrity sha512-7rySkpW78d8LBp4YU70Wb7+OTgE3OwAALNVZxhoIhp4Kscp+p/fBkdpxGAMKxvCAMV4QfXBU9m6l9nX/vGwd2g==

"js-tokens@^3.0.0 || ^4.0.0":
  version "4.0.0"
  resolved "https://registry.yarnpkg.com/js-tokens/-/js-tokens-4.0.0.tgz#19203fb59991df98e3a287050d4647cdeaf32499"
  integrity sha512-RdJUflcE3cUzKiMqQgsCu06FPu9UdIJO0beYbPhHN4k6apgJtifcoCtT9bcxOpYBtpD2kCM6Sbzg4CausW/PKQ==

loose-envify@^1.1.0:
  version "1.4.0"
  resolved "https://registry.yarnpkg.com/loose-envify/-/loose-envify-1.4.0.tgz#71ee51fa7be4caec1a63839f7e682d8132d30caf"
  integrity sha512-lyuxPGr/Wfhrlem2CL/UcnUc1zcqKAImBDzukY7Y5F/yQiNdko6+fRLevlw1HgMySw7f611UIY408EtxRSoK3Q==
  dependencies:
    js-tokens "^3.0.0 || ^4.0.0"

lru-cache@^6.0.0:
  version "6.0.0"
  resolved "https://registry.yarnpkg.com/lru-cache/-/lru-cache-6.0.0.tgz#6d6fe6570ebd96aaf90fcad1dafa3b2566db3a94"
  integrity sha512-Jo6dJ04CmSjuznwJSS3pUeWmd/H0ffTlkXXgwZi+eq1UCmqQwCh+eLsYOYCwY991i2Fah4h1BEMCx4qThGbsiA==
  dependencies:
    yallist "^4.0.0"

nanoid@^3.1.30:
  version "3.3.4"
  resolved "https://registry.yarnpkg.com/nanoid/-/nanoid-3.3.4.tgz#730b67e3cd09e2deacf03c027c81c9d9dbc5e8ab"
  integrity sha512-MqBkQh/OHTS2egovRtLk45wEyNXwF+cokD+1YPf9u5VfJiRdAiRwB2froX5Co9Rh20xs4siNPm8naNotSD6RBw==

next-auth@latest:
  version "4.8.0"
  resolved "https://registry.yarnpkg.com/next-auth/-/next-auth-4.8.0.tgz#e3985c5333f70854309f641f1d4548a2fe006994"
  integrity sha512-7vN7akNsAEqV8w1cqZf71UFYw18zy/N5y3xEQz2k3Rju34n7z3+cwdNjGS0FVCoKi/s1wiN27z9ruwlOwiQNsg==
  dependencies:
    "@babel/runtime" "^7.16.3"
    "@panva/hkdf" "^1.0.1"
    cookie "^0.4.1"
    jose "^4.3.7"
    oauth "^0.9.15"
    openid-client "^5.1.0"
    preact "^10.6.3"
    preact-render-to-string "^5.1.19"
    uuid "^8.3.2"

next@12.1.7-canary.51:
  version "12.1.7-canary.51"
  resolved "https://registry.yarnpkg.com/next/-/next-12.1.7-canary.51.tgz#70d196b7cb21d52f0d320cdb2f2b6bf914fc64bf"
  integrity sha512-pa0PeuMaGTSzGg8YDdPbUjmALt4DjUvlhaNm7RzyWtGx95tqxREHXCJTAyn+2UsDfppzWi6vYFoz6GHdX+kuRg==
  dependencies:
    "@next/env" "12.1.7-canary.51"
    "@swc/helpers" "0.4.2"
    caniuse-lite "^1.0.30001332"
    postcss "8.4.5"
    styled-jsx "5.0.2"
    use-sync-external-store "1.1.0"
  optionalDependencies:
    "@next/swc-android-arm-eabi" "12.1.7-canary.51"
    "@next/swc-android-arm64" "12.1.7-canary.51"
    "@next/swc-darwin-arm64" "12.1.7-canary.51"
    "@next/swc-darwin-x64" "12.1.7-canary.51"
    "@next/swc-freebsd-x64" "12.1.7-canary.51"
    "@next/swc-linux-arm-gnueabihf" "12.1.7-canary.51"
    "@next/swc-linux-arm64-gnu" "12.1.7-canary.51"
    "@next/swc-linux-arm64-musl" "12.1.7-canary.51"
    "@next/swc-linux-x64-gnu" "12.1.7-canary.51"
    "@next/swc-linux-x64-musl" "12.1.7-canary.51"
    "@next/swc-win32-arm64-msvc" "12.1.7-canary.51"
    "@next/swc-win32-ia32-msvc" "12.1.7-canary.51"
    "@next/swc-win32-x64-msvc" "12.1.7-canary.51"

nodemailer@^6:
  version "6.7.6"
  resolved "https://registry.yarnpkg.com/nodemailer/-/nodemailer-6.7.6.tgz#d3de8f644eaa0dad784d1be1375c596de492f3fc"
  integrity sha512-/6KF/umU7r7X21Y648/yiRLrgkfz0dmpyuo4BfgYWIpnT/jCbkPTvegMfxCsDAu+O810p2L1BGXieMTPp3nJVA==

oauth@^0.9.15:
  version "0.9.15"
  resolved "https://registry.yarnpkg.com/oauth/-/oauth-0.9.15.tgz#bd1fefaf686c96b75475aed5196412ff60cfb9c1"
  integrity sha512-a5ERWK1kh38ExDEfoO6qUHJb32rd7aYmPHuyCu3Fta/cnICvYmgd2uhuKXvPD+PXB+gCEYYEaQdIRAjCOwAKNA==

object-hash@^2.0.1:
  version "2.2.0"
  resolved "https://registry.yarnpkg.com/object-hash/-/object-hash-2.2.0.tgz#5ad518581eefc443bd763472b8ff2e9c2c0d54a5"
  integrity sha512-gScRMn0bS5fH+IuwyIFgnh9zBdo4DV+6GhygmWM9HyNJSgS0hScp1f5vjtm7oIIOiT9trXrShAkLFSc2IqKNgw==

oidc-token-hash@^5.0.1:
  version "5.0.1"
  resolved "https://registry.yarnpkg.com/oidc-token-hash/-/oidc-token-hash-5.0.1.tgz#ae6beec3ec20f0fd885e5400d175191d6e2f10c6"
  integrity sha512-EvoOtz6FIEBzE+9q253HsLCVRiK/0doEJ2HCvvqMQb3dHZrP3WlJKYtJ55CRTw4jmYomzH4wkPuCj/I3ZvpKxQ==

openid-client@^5.1.0:
  version "5.1.8"
  resolved "https://registry.yarnpkg.com/openid-client/-/openid-client-5.1.8.tgz#3a24910288b32c32f548fb6e391f44178ce6370f"
  integrity sha512-EPxJY6bT7YIYQEXSGxRC5flQ3GUhLy98ufdto6+BVBrFGPmwjUpy4xBcYuU/Wt9nPkO/3EgljBrr6Ezx4lp1RQ==
  dependencies:
    jose "^4.1.4"
    lru-cache "^6.0.0"
    object-hash "^2.0.1"
    oidc-token-hash "^5.0.1"

picocolors@^1.0.0:
  version "1.0.0"
  resolved "https://registry.yarnpkg.com/picocolors/-/picocolors-1.0.0.tgz#cb5bdc74ff3f51892236eaf79d68bc44564ab81c"
  integrity sha512-1fygroTLlHu66zi26VoTDv8yRgm0Fccecssto+MhsZ0D/DGW2sm8E8AjW7NU5VVTRt5GxbeZ5qBuJr+HyLYkjQ==

postcss@8.4.5:
  version "8.4.5"
  resolved "https://registry.yarnpkg.com/postcss/-/postcss-8.4.5.tgz#bae665764dfd4c6fcc24dc0fdf7e7aa00cc77f95"
  integrity sha512-jBDboWM8qpaqwkMwItqTQTiFikhs/67OYVvblFFTM7MrZjt6yMKd6r2kgXizEbTTljacm4NldIlZnhbjr84QYg==
  dependencies:
    nanoid "^3.1.30"
    picocolors "^1.0.0"
    source-map-js "^1.0.1"

preact-render-to-string@^5.1.19:
  version "5.2.0"
  resolved "https://registry.yarnpkg.com/preact-render-to-string/-/preact-render-to-string-5.2.0.tgz#3d3c4f9c570229b76d33353ed02ce662bd13dec1"
  integrity sha512-+RGwSW78Cl+NsZRUbFW1MGB++didsfqRk+IyRVTaqy+3OjtpKK/6HgBtfszUX0YXMfo41k2iaQSseAHGKEwrbg==
  dependencies:
    pretty-format "^3.8.0"

preact@^10.6.3:
  version "10.8.2"
  resolved "https://registry.yarnpkg.com/preact/-/preact-10.8.2.tgz#b8a614f5cc8ab0cd9e63337a3d60dc80410f4ed4"
  integrity sha512-AKGt0BsDSiAYzVS78jZ9qRwuorY2CoSZtf1iOC6gLb/3QyZt+fLT09aYJBjRc/BEcRc4j+j3ggERMdNE43i1LQ==

pretty-format@^3.8.0:
  version "3.8.0"
  resolved "https://registry.yarnpkg.com/pretty-format/-/pretty-format-3.8.0.tgz#bfbed56d5e9a776645f4b1ff7aa1a3ac4fa3c385"
  integrity sha512-WuxUnVtlWL1OfZFQFuqvnvs6MiAGk9UNsBostyBOB0Is9wb5uRESevA6rnl/rkksXaGX3GzZhPup5d6Vp1nFew==

react-dom@^18:
  version "18.2.0"
  resolved "https://registry.yarnpkg.com/react-dom/-/react-dom-18.2.0.tgz#22aaf38708db2674ed9ada224ca4aa708d821e3d"
  integrity sha512-6IMTriUmvsjHUjNtEDudZfuDQUoWXVxKHhlEGSk81n4YFS+r/Kl99wXiwlVXtPBtJenozv2P+hxDsw9eA7Xo6g==
  dependencies:
    loose-envify "^1.1.0"
    scheduler "^0.23.0"

react@^18:
  version "18.2.0"
  resolved "https://registry.yarnpkg.com/react/-/react-18.2.0.tgz#555bd98592883255fa00de14f1151a917b5d77d5"
  integrity sha512-/3IjMdb2L9QbBdWiW5e3P2/npwMBaU9mHCSCUzNln0ZCYbcfTsGbTJrU/kGemdH2IWmB2ioZ+zkxtmq6g09fGQ==
  dependencies:
    loose-envify "^1.1.0"

regenerator-runtime@^0.13.4:
  version "0.13.9"
  resolved "https://registry.yarnpkg.com/regenerator-runtime/-/regenerator-runtime-0.13.9.tgz#8925742a98ffd90814988d7566ad30ca3b263b52"
  integrity sha512-p3VT+cOEgxFsRRA9X4lkI1E+k2/CtnKtU4gcxyaCUreilL/vqI6CdZ3wxVUx3UOUg+gnUOQQcRI7BmSI656MYA==

scheduler@^0.23.0:
  version "0.23.0"
  resolved "https://registry.yarnpkg.com/scheduler/-/scheduler-0.23.0.tgz#ba8041afc3d30eb206a487b6b384002e4e61fdfe"
  integrity sha512-CtuThmgHNg7zIZWAXi3AsyIzA3n4xx7aNyjwC2VJldO2LMVDhFK+63xGqq6CsJH4rTAt6/M+N4GhZiDYPx9eUw==
  dependencies:
    loose-envify "^1.1.0"

source-map-js@^1.0.1:
  version "1.0.2"
  resolved "https://registry.yarnpkg.com/source-map-js/-/source-map-js-1.0.2.tgz#adbc361d9c62df380125e7f161f71c826f1e490c"
  integrity sha512-R0XvVJ9WusLiqTCEiGCmICCMplcCkIwwR11mOSD9CR5u+IXYdiseeEuXCVAjS54zqwkLcPNnmU4OeJ6tUrWhDw==

styled-jsx@5.0.2:
  version "5.0.2"
  resolved "https://registry.yarnpkg.com/styled-jsx/-/styled-jsx-5.0.2.tgz#ff230fd593b737e9e68b630a694d460425478729"
  integrity sha512-LqPQrbBh3egD57NBcHET4qcgshPks+yblyhPlH2GY8oaDgKs8SK4C3dBh3oSJjgzJ3G5t1SYEZGHkP+QEpX9EQ==

tslib@^2.4.0:
  version "2.4.0"
  resolved "https://registry.yarnpkg.com/tslib/-/tslib-2.4.0.tgz#7cecaa7f073ce680a05847aa77be941098f36dc3"
  integrity sha512-d6xOpEDfsi2CZVlPQzGeux8XMwLT9hssAsaPYExaQMuYskwb+x1x7J371tWlbBdWHroy99KnVB6qIkUbs5X3UQ==

typescript@^4:
  version "4.7.4"
  resolved "https://registry.yarnpkg.com/typescript/-/typescript-4.7.4.tgz#1a88596d1cf47d59507a1bcdfb5b9dfe4d488235"
  integrity sha512-C0WQT0gezHuw6AdY1M2jxUO83Rjf0HP7Sk1DtXj6j1EwkQNZrHAg2XPWlq62oqEhYvONq5pkC2Y9oPljWToLmQ==

use-sync-external-store@1.1.0:
  version "1.1.0"
  resolved "https://registry.yarnpkg.com/use-sync-external-store/-/use-sync-external-store-1.1.0.tgz#3343c3fe7f7e404db70f8c687adf5c1652d34e82"
  integrity sha512-SEnieB2FPKEVne66NpXPd1Np4R1lTNKfjuy3XdIoPQKYBAFdzbzSZlSn1KJZUiihQLQC5Znot4SBz1EOTBwQAQ==

uuid@^8.3.2:
  version "8.3.2"
  resolved "https://registry.yarnpkg.com/uuid/-/uuid-8.3.2.tgz#80d5b5ced271bb9af6c445f21a1a04c606cefbe2"
  integrity sha512-+NYs2QeMWy+GWFOEm9xnn6HCDp0l7QBD7ml8zLUmJ+93Q5NF0NocErnwkTkXVFNiX3/fpC6afS8Dhb/gz7R7eg==

yallist@^4.0.0:
  version "4.0.0"
  resolved "https://registry.yarnpkg.com/yallist/-/yallist-4.0.0.tgz#9bb92790d9c0effec63be73519e11a35019a3a72"
  integrity sha512-3wdGidZyq5PB084XLES5TpOSRA3wjXAlIWMhum2kRcv/41Sn2emQ0dycQW4uZXLejwKvg6EsvbdlVL+FYEct7A==
